
Microsoft Visual Studio Solution File, Format Version 12.00
# Visual Studio Version 17
VisualStudioVersion = 17.7.34221.43
MinimumVisualStudioVersion = 10.0.40219.1
Project("{9A19103F-16F7-4668-BE54-9A1E7A4F7556}") = "Web.Api", "Web.Api\Web.Api.csproj", "{F36E819F-F679-4C24-BDCC-4FD8E1D34A01}"
EndProject
Project("{FAE04EC0-301F-11D3-BF4B-00C04F79EFBC}") = "Domain", "Domain\Domain.csproj", "{EF475BCE-6B7C-48D4-8ED7-A6B57BD89B15}"
EndProject
Global
	GlobalSection(SolutionConfigurationPlatforms) = preSolution
		Debug|Any CPU = Debug|Any CPU
		Release|Any CPU = Release|Any CPU
	EndGlobalSection
	GlobalSection(ProjectConfigurationPlatforms) = postSolution
		{F36E819F-F679-4C24-BDCC-4FD8E1D34A01}.Debug|Any CPU.ActiveCfg = Debug|Any CPU
		{F36E819F-F679-4C24-BDCC-4FD8E1D34A01}.Debug|Any CPU.Build.0 = Debug|Any CPU
		{F36E819F-F679-4C24-BDCC-4FD8E1D34A01}.Release|Any CPU.ActiveCfg = Release|Any CPU
		{F36E819F-F679-4C24-BDCC-4FD8E1D34A01}.Release|Any CPU.Build.0 = Release|Any CPU
		{EF475BCE-6B7C-48D4-8ED7-A6B57BD89B15}.Debug|Any CPU.ActiveCfg = Debug|Any CPU
		{EF475BCE-6B7C-48D4-8ED7-A6B57BD89B15}.Debug|Any CPU.Build.0 = Debug|Any CPU
		{EF475BCE-6B7C-48D4-8ED7-A6B57BD89B15}.Release|Any CPU.ActiveCfg = Release|Any CPU
		{EF475BCE-6B7C-48D4-8ED7-A6B57BD89B15}.Release|Any CPU.Build.0 = Release|Any CPU
	EndGlobalSection
	GlobalSection(SolutionProperties) = preSolution
		HideSolutionNode = FALSE
	EndGlobalSection
	GlobalSection(ExtensibilityGlobals) = postSolution
		SolutionGuid = {182F1EFB-A482-416A-B219-AB78FE4DA535}
	EndGlobalSection
EndGlobal
