
Microsoft Visual Studio Solution File, Format Version 12.00
# Visual Studio Version 17
VisualStudioVersion = 17.7.34221.43
MinimumVisualStudioVersion = 10.0.40219.1
Project("{9A19103F-16F7-4668-BE54-9A1E7A4F7556}") = "Web.Api", "Web.Api\Web.Api.csproj", "{F36E819F-F679-4C24-BDCC-4FD8E1D34A01}"
EndProject
Project("{9A19103F-16F7-4668-BE54-9A1E7A4F7556}") = "Domain", "Domain\Domain.csproj", "{EF475BCE-6B7C-48D4-8ED7-A6B57BD89B15}"
EndProject
Project("{9A19103F-16F7-4668-BE54-9A1E7A4F7556}") = "Persistence", "Persistence\Persistence.csproj", "{DE54D86C-AF4E-4BB0-8C4B-7050A34DB761}"
EndProject
Project("{9A19103F-16F7-4668-BE54-9A1E7A4F7556}") = "Application", "Application\Application.csproj", "{22679A0D-C50E-4534-9DE9-058979FF3EC2}"
EndProject
Project("{2150E333-8FDC-42A3-9474-1A3956D46DE8}") = "Test", "Test", "{5A269BD5-EE91-4C2B-A3B8-16513B339695}"
EndProject
Project("{9A19103F-16F7-4668-BE54-9A1E7A4F7556}") = "Web.Api.Tests", "Web.Api.Tests\Web.Api.Tests.csproj", "{DF2299BC-8FBC-492F-9316-DFBCF3F9F7B2}"
EndProject
Project("{9A19103F-16F7-4668-BE54-9A1E7A4F7556}") = "Infraestructure", "Infraestructure\Infraestructure.csproj", "{9B78A006-7A48-48AE-BE33-E414B04CE8AA}"
EndProject
Project("{2150E333-8FDC-42A3-9474-1A3956D46DE8}") = "Solution Items", "Solution Items", "{55249366-5B23-4922-BD9C-EC5528F70F98}"
	ProjectSection(SolutionItems) = preProject
		docker-compose.yml = docker-compose.yml
	EndProjectSection
EndProject
Project("{E53339B2-1760-4266-BCC7-CA923CBCF16C}") = "docker-compose", "docker-compose.dcproj", "{1CAF82E1-932D-49AC-B85E-29697B77A953}"
EndProject
Project("{FAE04EC0-301F-11D3-BF4B-00C04F79EFBC}") = "Application.Tests", "Application.Tests\Application.Tests.csproj", "{C997EC2F-AF2D-4075-AF81-2D0F4F894922}"
EndProject
Global
	GlobalSection(SolutionConfigurationPlatforms) = preSolution
		Debug|Any CPU = Debug|Any CPU
		Release|Any CPU = Release|Any CPU
	EndGlobalSection
	GlobalSection(ProjectConfigurationPlatforms) = postSolution
		{F36E819F-F679-4C24-BDCC-4FD8E1D34A01}.Debug|Any CPU.ActiveCfg = Debug|Any CPU
		{F36E819F-F679-4C24-BDCC-4FD8E1D34A01}.Debug|Any CPU.Build.0 = Debug|Any CPU
		{F36E819F-F679-4C24-BDCC-4FD8E1D34A01}.Release|Any CPU.ActiveCfg = Release|Any CPU
		{F36E819F-F679-4C24-BDCC-4FD8E1D34A01}.Release|Any CPU.Build.0 = Release|Any CPU
		{EF475BCE-6B7C-48D4-8ED7-A6B57BD89B15}.Debug|Any CPU.ActiveCfg = Debug|Any CPU
		{EF475BCE-6B7C-48D4-8ED7-A6B57BD89B15}.Debug|Any CPU.Build.0 = Debug|Any CPU
		{EF475BCE-6B7C-48D4-8ED7-A6B57BD89B15}.Release|Any CPU.ActiveCfg = Release|Any CPU
		{EF475BCE-6B7C-48D4-8ED7-A6B57BD89B15}.Release|Any CPU.Build.0 = Release|Any CPU
		{DE54D86C-AF4E-4BB0-8C4B-7050A34DB761}.Debug|Any CPU.ActiveCfg = Debug|Any CPU
		{DE54D86C-AF4E-4BB0-8C4B-7050A34DB761}.Debug|Any CPU.Build.0 = Debug|Any CPU
		{DE54D86C-AF4E-4BB0-8C4B-7050A34DB761}.Release|Any CPU.ActiveCfg = Release|Any CPU
		{DE54D86C-AF4E-4BB0-8C4B-7050A34DB761}.Release|Any CPU.Build.0 = Release|Any CPU
		{22679A0D-C50E-4534-9DE9-058979FF3EC2}.Debug|Any CPU.ActiveCfg = Debug|Any CPU
		{22679A0D-C50E-4534-9DE9-058979FF3EC2}.Debug|Any CPU.Build.0 = Debug|Any CPU
		{22679A0D-C50E-4534-9DE9-058979FF3EC2}.Release|Any CPU.ActiveCfg = Release|Any CPU
		{22679A0D-C50E-4534-9DE9-058979FF3EC2}.Release|Any CPU.Build.0 = Release|Any CPU
		{DF2299BC-8FBC-492F-9316-DFBCF3F9F7B2}.Debug|Any CPU.ActiveCfg = Debug|Any CPU
		{DF2299BC-8FBC-492F-9316-DFBCF3F9F7B2}.Debug|Any CPU.Build.0 = Debug|Any CPU
		{DF2299BC-8FBC-492F-9316-DFBCF3F9F7B2}.Release|Any CPU.ActiveCfg = Release|Any CPU
		{DF2299BC-8FBC-492F-9316-DFBCF3F9F7B2}.Release|Any CPU.Build.0 = Release|Any CPU
		{9B78A006-7A48-48AE-BE33-E414B04CE8AA}.Debug|Any CPU.ActiveCfg = Debug|Any CPU
		{9B78A006-7A48-48AE-BE33-E414B04CE8AA}.Debug|Any CPU.Build.0 = Debug|Any CPU
		{9B78A006-7A48-48AE-BE33-E414B04CE8AA}.Release|Any CPU.ActiveCfg = Release|Any CPU
		{9B78A006-7A48-48AE-BE33-E414B04CE8AA}.Release|Any CPU.Build.0 = Release|Any CPU
		{1CAF82E1-932D-49AC-B85E-29697B77A953}.Debug|Any CPU.ActiveCfg = Debug|Any CPU
		{1CAF82E1-932D-49AC-B85E-29697B77A953}.Debug|Any CPU.Build.0 = Debug|Any CPU
		{1CAF82E1-932D-49AC-B85E-29697B77A953}.Release|Any CPU.ActiveCfg = Release|Any CPU
		{1CAF82E1-932D-49AC-B85E-29697B77A953}.Release|Any CPU.Build.0 = Release|Any CPU
		{C997EC2F-AF2D-4075-AF81-2D0F4F894922}.Debug|Any CPU.ActiveCfg = Debug|Any CPU
		{C997EC2F-AF2D-4075-AF81-2D0F4F894922}.Debug|Any CPU.Build.0 = Debug|Any CPU
		{C997EC2F-AF2D-4075-AF81-2D0F4F894922}.Release|Any CPU.ActiveCfg = Release|Any CPU
		{C997EC2F-AF2D-4075-AF81-2D0F4F894922}.Release|Any CPU.Build.0 = Release|Any CPU
	EndGlobalSection
	GlobalSection(SolutionProperties) = preSolution
		HideSolutionNode = FALSE
	EndGlobalSection
	GlobalSection(NestedProjects) = preSolution
		{DF2299BC-8FBC-492F-9316-DFBCF3F9F7B2} = {5A269BD5-EE91-4C2B-A3B8-16513B339695}
		{C997EC2F-AF2D-4075-AF81-2D0F4F894922} = {5A269BD5-EE91-4C2B-A3B8-16513B339695}
	EndGlobalSection
	GlobalSection(ExtensibilityGlobals) = postSolution
		SolutionGuid = {182F1EFB-A482-416A-B219-AB78FE4DA535}
	EndGlobalSection
EndGlobal
